
Microsoft Visual Studio Solution File, Format Version 12.00
# Visual Studio Version 17
VisualStudioVersion = 17.4.33403.182
MinimumVisualStudioVersion = 10.0.40219.1
Project("{FAE04EC0-301F-11D3-BF4B-00C04F79EFBC}") = "bankingProject", "bankingProject\bankingProject.csproj", "{A3E95295-C9A0-41D1-B73C-1529C2C4DD00}"
EndProject
Global
	GlobalSection(SolutionConfigurationPlatforms) = preSolution
		Debug|Any CPU = Debug|Any CPU
		Release|Any CPU = Release|Any CPU
	EndGlobalSection
	GlobalSection(ProjectConfigurationPlatforms) = postSolution
		{A3E95295-C9A0-41D1-B73C-1529C2C4DD00}.Debug|Any CPU.ActiveCfg = Debug|Any CPU
		{A3E95295-C9A0-41D1-B73C-1529C2C4DD00}.Debug|Any CPU.Build.0 = Debug|Any CPU
		{A3E95295-C9A0-41D1-B73C-1529C2C4DD00}.Release|Any CPU.ActiveCfg = Release|Any CPU
		{A3E95295-C9A0-41D1-B73C-1529C2C4DD00}.Release|Any CPU.Build.0 = Release|Any CPU
	EndGlobalSection
	GlobalSection(SolutionProperties) = preSolution
		HideSolutionNode = FALSE
	EndGlobalSection
	GlobalSection(ExtensibilityGlobals) = postSolution
		SolutionGuid = {6A37B888-FA90-472D-BDFC-40D26F08B304}
	EndGlobalSection
EndGlobal
